
Microsoft Visual Studio Solution File, Format Version 12.00
# Visual Studio Version 16
VisualStudioVersion = 16.0.30907.101
MinimumVisualStudioVersion = 10.0.40219.1
Project("{FAE04EC0-301F-11D3-BF4B-00C04F79EFBC}") = "WindowsFormsApp2", "WindowsFormsApp2.csproj", "{25F6A62A-7CF0-4BB8-BC06-68B14628C482}"
EndProject
Global
	GlobalSection(SolutionConfigurationPlatforms) = preSolution
		Debug|Any CPU = Debug|Any CPU
		Release|Any CPU = Release|Any CPU
	EndGlobalSection
	GlobalSection(ProjectConfigurationPlatforms) = postSolution
		{25F6A62A-7CF0-4BB8-BC06-68B14628C482}.Debug|Any CPU.ActiveCfg = Debug|Any CPU
		{25F6A62A-7CF0-4BB8-BC06-68B14628C482}.Debug|Any CPU.Build.0 = Debug|Any CPU
		{25F6A62A-7CF0-4BB8-BC06-68B14628C482}.Release|Any CPU.ActiveCfg = Release|Any CPU
		{25F6A62A-7CF0-4BB8-BC06-68B14628C482}.Release|Any CPU.Build.0 = Release|Any CPU
	EndGlobalSection
	GlobalSection(SolutionProperties) = preSolution
		HideSolutionNode = FALSE
	EndGlobalSection
	GlobalSection(ExtensibilityGlobals) = postSolution
		SolutionGuid = {3898E356-286A-4F9D-A181-7F70160889E9}
	EndGlobalSection
EndGlobal
